// !$*UTF8*$!
{
	archiveVersion = 1;
	classes = {
	};
	objectVersion = 46;
	objects = {

/* Begin PBXBuildFile section */
		614538DC1EF7C3560093A7F1 /* AppDelegate.swift in Sources */ = {isa = PBXBuildFile; fileRef = 614538DB1EF7C3560093A7F1 /* AppDelegate.swift */; };
		614538DE1EF7C3560093A7F1 /* ViewController.swift in Sources */ = {isa = PBXBuildFile; fileRef = 614538DD1EF7C3560093A7F1 /* ViewController.swift */; };
		614538E11EF7C3570093A7F1 /* Main.storyboard in Resources */ = {isa = PBXBuildFile; fileRef = 614538DF1EF7C3570093A7F1 /* Main.storyboard */; };
		614538E31EF7C3570093A7F1 /* Assets.xcassets in Resources */ = {isa = PBXBuildFile; fileRef = 614538E21EF7C3570093A7F1 /* Assets.xcassets */; };
		614538E61EF7C3570093A7F1 /* LaunchScreen.storyboard in Resources */ = {isa = PBXBuildFile; fileRef = 614538E41EF7C3570093A7F1 /* LaunchScreen.storyboard */; };
/* End PBXBuildFile section */

/* Begin PBXFileReference section */
		614538D81EF7C3560093A7F1 /* Informator.app */ = {isa = PBXFileReference; explicitFileType = wrapper.application; includeInIndex = 0; path = Informator.app; sourceTree = BUILT_PRODUCTS_DIR; };
		614538DB1EF7C3560093A7F1 /* AppDelegate.swift */ = {isa = PBXFileReference; lastKnownFileType = sourcecode.swift; path = AppDelegate.swift; sourceTree = "<group>"; };
		614538DD1EF7C3560093A7F1 /* ViewController.swift */ = {isa = PBXFileReference; lastKnownFileType = sourcecode.swift; path = ViewController.swift; sourceTree = "<group>"; };
		614538E01EF7C3570093A7F1 /* Base */ = {isa = PBXFileReference; lastKnownFileType = file.storyboard; name = Base; path = Base.lproj/Main.storyboard; sourceTree = "<group>"; };
		614538E21EF7C3570093A7F1 /* Assets.xcassets */ = {isa = PBXFileReference; lastKnownFileType = folder.assetcatalog; path = Assets.xcassets; sourceTree = "<group>"; };
		614538E51EF7C3570093A7F1 /* Base */ = {isa = PBXFileReference; lastKnownFileType = file.storyboard; name = Base; path = Base.lproj/LaunchScreen.storyboard; sourceTree = "<group>"; };
		614538E71EF7C3570093A7F1 /* Info.plist */ = {isa = PBXFileReference; lastKnownFileType = text.plist.xml; path = Info.plist; sourceTree = "<group>"; };
/* End PBXFileReference section */

/* Begin PBXFrameworksBuildPhase section */
		614538D51EF7C3560093A7F1 /* Frameworks */ = {
			isa = PBXFrameworksBuildPhase;
			buildActionMask = 2147483647;
			files = (
			);
			runOnlyForDeploymentPostprocessing = 0;
		};
/* End PBXFrameworksBuildPhase section */

/* Begin PBXGroup section */
		614538CF1EF7C3560093A7F1 = {
			isa = PBXGroup;
			children = (
				614538DA1EF7C3560093A7F1 /* Informator */,
				614538D91EF7C3560093A7F1 /* Products */,
			);
			sourceTree = "<group>";
		};
		614538D91EF7C3560093A7F1 /* Products */ = {
			isa = PBXGroup;
			children = (
				614538D81EF7C3560093A7F1 /* Informator.app */,
			);
			name = Products;
			sourceTree = "<group>";
		};
		614538DA1EF7C3560093A7F1 /* Informator */ = {
			isa = PBXGroup;
			children = (
				614538DB1EF7C3560093A7F1 /* AppDelegate.swift */,
				614538DD1EF7C3560093A7F1 /* ViewController.swift */,
				614538DF1EF7C3570093A7F1 /* Main.storyboard */,
				614538E21EF7C3570093A7F1 /* Assets.xcassets */,
				614538E41EF7C3570093A7F1 /* LaunchScreen.storyboard */,
				614538E71EF7C3570093A7F1 /* Info.plist */,
			);
			path = Informator;
			sourceTree = "<group>";
		};
/* End PBXGroup section */

/* Begin PBXNativeTarget section */
		614538D71EF7C3560093A7F1 /* Informator */ = {
			isa = PBXNativeTarget;
			buildConfigurationList = 614538EA1EF7C3570093A7F1 /* Build configuration list for PBXNativeTarget "Informator" */;
			buildPhases = (
				614538D41EF7C3560093A7F1 /* Sources */,
				614538D51EF7C3560093A7F1 /* Frameworks */,
				614538D61EF7C3560093A7F1 /* Resources */,
			);
			buildRules = (
			);
			dependencies = (
			);
			name = Informator;
			productName = Informator;
			productReference = 614538D81EF7C3560093A7F1 /* Informator.app */;
			productType = "com.apple.product-type.application";
		};
/* End PBXNativeTarget section */

/* Begin PBXProject section */
		614538D01EF7C3560093A7F1 /* Project object */ = {
			isa = PBXProject;
			attributes = {
				LastSwiftUpdateCheck = 0830;
				LastUpgradeCheck = 0830;
				ORGANIZATIONNAME = "Miha Herblan";
				TargetAttributes = {
					614538D71EF7C3560093A7F1 = {
						CreatedOnToolsVersion = 8.3.3;
						DevelopmentTeam = RV9B3K7NJF;
						ProvisioningStyle = Automatic;
					};
				};
			};
			buildConfigurationList = 614538D31EF7C3560093A7F1 /* Build configuration list for PBXProject "Informator" */;
			compatibilityVersion = "Xcode 3.2";
			developmentRegion = English;
			hasScannedForEncodings = 0;
			knownRegions = (
				en,
				Base,
			);
			mainGroup = 614538CF1EF7C3560093A7F1;
			productRefGroup = 614538D91EF7C3560093A7F1 /* Products */;
			projectDirPath = "";
			projectRoot = "";
			targets = (
				614538D71EF7C3560093A7F1 /* Informator */,
			);
		};
/* End PBXProject section */

/* Begin PBXResourcesBuildPhase section */
		614538D61EF7C3560093A7F1 /* Resources */ = {
			isa = PBXResourcesBuildPhase;
			buildActionMask = 2147483647;
			files = (
				614538E61EF7C3570093A7F1 /* LaunchScreen.storyboard in Resources */,
				614538E31EF7C3570093A7F1 /* Assets.xcassets in Resources */,
				614538E11EF7C3570093A7F1 /* Main.storyboard in Resources */,
			);
			runOnlyForDeploymentPostprocessing = 0;
		};
/* End PBXResourcesBuildPhase section */

/* Begin PBXSourcesBuildPhase section */
		614538D41EF7C3560093A7F1 /* Sources */ = {
			isa = PBXSourcesBuildPhase;
			buildActionMask = 2147483647;
			files = (
				614538DE1EF7C3560093A7F1 /* ViewController.swift in Sources */,
				614538DC1EF7C3560093A7F1 /* AppDelegate.swift in Sources */,
			);
			runOnlyForDeploymentPostprocessing = 0;
		};
/* End PBXSourcesBuildPhase section */

/* Begin PBXVariantGroup section */
		614538DF1EF7C3570093A7F1 /* Main.storyboard */ = {
			isa = PBXVariantGroup;
			children = (
				614538E01EF7C3570093A7F1 /* Base */,
			);
			name = Main.storyboard;
			sourceTree = "<group>";
		};
		614538E41EF7C3570093A7F1 /* LaunchScreen.storyboard */ = {
			isa = PBXVariantGroup;
			children = (
				614538E51EF7C3570093A7F1 /* Base */,
			);
			name = LaunchScreen.storyboard;
			sourceTree = "<group>";
		};
/* End PBXVariantGroup section */

/* Begin XCBuildConfiguration section */
		614538E81EF7C3570093A7F1 /* Debug */ = {
			isa = XCBuildConfiguration;
			buildSettings = {
				ALWAYS_SEARCH_USER_PATHS = NO;
				CLANG_ANALYZER_NONNULL = YES;
				CLANG_ANALYZER_NUMBER_OBJECT_CONVERSION = YES_AGGRESSIVE;
				CLANG_CXX_LANGUAGE_STANDARD = "gnu++0x";
				CLANG_CXX_LIBRARY = "libc++";
				CLANG_ENABLE_MODULES = YES;
				CLANG_ENABLE_OBJC_ARC = YES;
				CLANG_WARN_BOOL_CONVERSION = YES;
				CLANG_WARN_CONSTANT_CONVERSION = YES;
				CLANG_WARN_DIRECT_OBJC_ISA_USAGE = YES_ERROR;
				CLANG_WARN_DOCUMENTATION_COMMENTS = YES;
				CLANG_WARN_EMPTY_BODY = YES;
				CLANG_WARN_ENUM_CONVERSION = YES;
				CLANG_WARN_INFINITE_RECURSION = YES;
				CLANG_WARN_INT_CONVERSION = YES;
				CLANG_WARN_OBJC_ROOT_CLASS = YES_ERROR;
				CLANG_WARN_SUSPICIOUS_MOVE = YES;
				CLANG_WARN_UNREACHABLE_CODE = YES;
				CLANG_WARN__DUPLICATE_METHOD_MATCH = YES;
				"CODE_SIGN_IDENTITY[sdk=iphoneos*]" = "iPhone Developer";
				COPY_PHASE_STRIP = NO;
				DEBUG_INFORMATION_FORMAT = dwarf;
				ENABLE_STRICT_OBJC_MSGSEND = YES;
				ENABLE_TESTABILITY = YES;
				GCC_C_LANGUAGE_STANDARD = gnu99;
				GCC_DYNAMIC_NO_PIC = NO;
				GCC_NO_COMMON_BLOCKS = YES;
				GCC_OPTIMIZATION_LEVEL = 0;
				GCC_PREPROCESSOR_DEFINITIONS = (
					"DEBUG=1",
					"$(inherited)",
				);
				GCC_WARN_64_TO_32_BIT_CONVERSION = YES;
				GCC_WARN_ABOUT_RETURN_TYPE = YES_ERROR;
				GCC_WARN_UNDECLARED_SELECTOR = YES;
				GCC_WARN_UNINITIALIZED_AUTOS = YES_AGGRESSIVE;
				GCC_WARN_UNUSED_FUNCTION = YES;
				GCC_WARN_UNUSED_VARIABLE = YES;
				IPHONEOS_DEPLOYMENT_TARGET = 10.3;
				MTL_ENABLE_DEBUG_INFO = YES;
				ONLY_ACTIVE_ARCH = YES;
				SDKROOT = iphoneos;
				SWIFT_ACTIVE_COMPILATION_CONDITIONS = DEBUG;
				SWIFT_OPTIMIZATION_LEVEL = "-Onone";
				TARGETED_DEVICE_FAMILY = "1,2";
			};
			name = Debug;
		};
		614538E91EF7C3570093A7F1 /* Release */ = {
			isa = XCBuildConfiguration;
			buildSettings = {
				ALWAYS_SEARCH_USER_PATHS = NO;
				CLANG_ANALYZER_NONNULL = YES;
				CLANG_ANALYZER_NUMBER_OBJECT_CONVERSION = YES_AGGRESSIVE;
				CLANG_CXX_LANGUAGE_STANDARD = "gnu++0x";
				CLANG_CXX_LIBRARY = "libc++";
				CLANG_ENABLE_MODULES = YES;
				CLANG_ENABLE_OBJC_ARC = YES;
				CLANG_WARN_BOOL_CONVERSION = YES;
				CLANG_WARN_CONSTANT_CONVERSION = YES;
				CLANG_WARN_DIRECT_OBJC_ISA_USAGE = YES_ERROR;
				CLANG_WARN_DOCUMENTATION_COMMENTS = YES;
				CLANG_WARN_EMPTY_BODY = YES;
				CLANG_WARN_ENUM_CONVERSION = YES;
				CLANG_WARN_INFINITE_RECURSION = YES;
				CLANG_WARN_INT_CONVERSION = YES;
				CLANG_WARN_OBJC_ROOT_CLASS = YES_ERROR;
				CLANG_WARN_SUSPICIOUS_MOVE = YES;
				CLANG_WARN_UNREACHABLE_CODE = YES;
				CLANG_WARN__DUPLICATE_METHOD_MATCH = YES;
				"CODE_SIGN_IDENTITY[sdk=iphoneos*]" = "iPhone Developer";
				COPY_PHASE_STRIP = NO;
				DEBUG_INFORMATION_FORMAT = "dwarf-with-dsym";
				ENABLE_NS_ASSERTIONS = NO;
				ENABLE_STRICT_OBJC_MSGSEND = YES;
				GCC_C_LANGUAGE_STANDARD = gnu99;
				GCC_NO_COMMON_BLOCKS = YES;
				GCC_WARN_64_TO_32_BIT_CONVERSION = YES;
				GCC_WARN_ABOUT_RETURN_TYPE = YES_ERROR;
				GCC_WARN_UNDECLARED_SELECTOR = YES;
				GCC_WARN_UNINITIALIZED_AUTOS = YES_AGGRESSIVE;
				GCC_WARN_UNUSED_FUNCTION = YES;
				GCC_WARN_UNUSED_VARIABLE = YES;
				IPHONEOS_DEPLOYMENT_TARGET = 10.3;
				MTL_ENABLE_DEBUG_INFO = NO;
				SDKROOT = iphoneos;
				SWIFT_OPTIMIZATION_LEVEL = "-Owholemodule";
				TARGETED_DEVICE_FAMILY = "1,2";
				VALIDATE_PRODUCT = YES;
			};
			name = Release;
		};
		614538EB1EF7C3570093A7F1 /* Debug */ = {
			isa = XCBuildConfiguration;
			buildSettings = {
				ASSETCATALOG_COMPILER_APPICON_NAME = AppIcon;
				DEVELOPMENT_TEAM = RV9B3K7NJF;
				INFOPLIST_FILE = Informator/Info.plist;
				LD_RUNPATH_SEARCH_PATHS = "$(inherited) @executable_path/Frameworks";
				PRODUCT_BUNDLE_IDENTIFIER = si.herblan.Informator;
				PRODUCT_NAME = "$(TARGET_NAME)";
				SWIFT_VERSION = 3.0;
			};
			name = Debug;
		};
		614538EC1EF7C3570093A7F1 /* Release */ = {
			isa = XCBuildConfiguration;
			buildSettings = {
				ASSETCATALOG_COMPILER_APPICON_NAME = AppIcon;
				DEVELOPMENT_TEAM = RV9B3K7NJF;
				INFOPLIST_FILE = Informator/Info.plist;
				LD_RUNPATH_SEARCH_PATHS = "$(inherited) @executable_path/Frameworks";
				PRODUCT_BUNDLE_IDENTIFIER = si.herblan.Informator;
				PRODUCT_NAME = "$(TARGET_NAME)";
				SWIFT_VERSION = 3.0;
			};
			name = Release;
		};
/* End XCBuildConfiguration section */

/* Begin XCConfigurationList section */
		614538D31EF7C3560093A7F1 /* Build configuration list for PBXProject "Informator" */ = {
			isa = XCConfigurationList;
			buildConfigurations = (
				614538E81EF7C3570093A7F1 /* Debug */,
				614538E91EF7C3570093A7F1 /* Release */,
			);
			defaultConfigurationIsVisible = 0;
			defaultConfigurationName = Release;
		};
		614538EA1EF7C3570093A7F1 /* Build configuration list for PBXNativeTarget "Informator" */ = {
			isa = XCConfigurationList;
			buildConfigurations = (
				614538EB1EF7C3570093A7F1 /* Debug */,
				614538EC1EF7C3570093A7F1 /* Release */,
			);
			defaultConfigurationIsVisible = 0;
		};
/* End XCConfigurationList section */
	};
	rootObject = 614538D01EF7C3560093A7F1 /* Project object */;
}
